
Microsoft Visual Studio Solution File, Format Version 12.00
# Visual Studio Version 17
VisualStudioVersion = 17.11.35327.3
MinimumVisualStudioVersion = 10.0.40219.1
Project("{FAE04EC0-301F-11D3-BF4B-00C04F79EFBC}") = "WinFormsClassTest", "WinFormsClassTest.csproj", "{90275296-76E4-45CB-9CC0-CC89B6F5D73E}"
EndProject
Project("{FAE04EC0-301F-11D3-BF4B-00C04F79EFBC}") = "ServerLibrary", "..\ServerLibrary\ServerLibrary.csproj", "{1F0FFF96-6AAF-491E-8D7F-763546F86C42}"
EndProject
Project("{FAE04EC0-301F-11D3-BF4B-00C04F79EFBC}") = "ServerListenLibarary", "..\ServerListenLibarary\ServerListenLibarary.csproj", "{8992FF5E-824F-454A-A61B-5CBFD744CED7}"
EndProject
Global
	GlobalSection(SolutionConfigurationPlatforms) = preSolution
		Debug|Any CPU = Debug|Any CPU
		Release|Any CPU = Release|Any CPU
	EndGlobalSection
	GlobalSection(ProjectConfigurationPlatforms) = postSolution
		{90275296-76E4-45CB-9CC0-CC89B6F5D73E}.Debug|Any CPU.ActiveCfg = Debug|Any CPU
		{90275296-76E4-45CB-9CC0-CC89B6F5D73E}.Debug|Any CPU.Build.0 = Debug|Any CPU
		{90275296-76E4-45CB-9CC0-CC89B6F5D73E}.Release|Any CPU.ActiveCfg = Release|Any CPU
		{90275296-76E4-45CB-9CC0-CC89B6F5D73E}.Release|Any CPU.Build.0 = Release|Any CPU
		{1F0FFF96-6AAF-491E-8D7F-763546F86C42}.Debug|Any CPU.ActiveCfg = Debug|Any CPU
		{1F0FFF96-6AAF-491E-8D7F-763546F86C42}.Debug|Any CPU.Build.0 = Debug|Any CPU
		{1F0FFF96-6AAF-491E-8D7F-763546F86C42}.Release|Any CPU.ActiveCfg = Release|Any CPU
		{1F0FFF96-6AAF-491E-8D7F-763546F86C42}.Release|Any CPU.Build.0 = Release|Any CPU
		{8992FF5E-824F-454A-A61B-5CBFD744CED7}.Debug|Any CPU.ActiveCfg = Debug|Any CPU
		{8992FF5E-824F-454A-A61B-5CBFD744CED7}.Debug|Any CPU.Build.0 = Debug|Any CPU
		{8992FF5E-824F-454A-A61B-5CBFD744CED7}.Release|Any CPU.ActiveCfg = Release|Any CPU
		{8992FF5E-824F-454A-A61B-5CBFD744CED7}.Release|Any CPU.Build.0 = Release|Any CPU
	EndGlobalSection
	GlobalSection(SolutionProperties) = preSolution
		HideSolutionNode = FALSE
	EndGlobalSection
	GlobalSection(ExtensibilityGlobals) = postSolution
		SolutionGuid = {135FD2E4-87E4-4183-B31F-72607A002A8A}
	EndGlobalSection
EndGlobal
